
Microsoft Visual Studio Solution File, Format Version 12.00
# Visual Studio 14
VisualStudioVersion = 14.0.23107.0
MinimumVisualStudioVersion = 10.0.40219.1
Project("{FAE04EC0-301F-11D3-BF4B-00C04F79EFBC}") = "SaaSPro.Web.App", "src\SaaSPro.Web\SaaSPro.Web.App.csproj", "{97668E8A-168D-481E-AEFF-1F6EFACFE722}"
EndProject
Project("{FAE04EC0-301F-11D3-BF4B-00C04F79EFBC}") = "SaaSPro.Web.Management", "src\SaaSPro.Web.Management\SaaSPro.Web.Management.csproj", "{C71232BD-AD7E-4380-BBCD-AFE9EAEDE26E}"
EndProject
Project("{FAE04EC0-301F-11D3-BF4B-00C04F79EFBC}") = "SaaSPro.Web.Common", "src\SaaSPro.Web.Common\SaaSPro.Web.Common.csproj", "{DC7EBCF9-CE8D-4BEC-8208-F59247DE73A8}"
EndProject
Project("{FAE04EC0-301F-11D3-BF4B-00C04F79EFBC}") = "SaaSPro.Data", "src\SaaSPro.Data\SaaSPro.Data.csproj", "{B3C453DB-B7CE-4B3E-81C4-1F9D21ED105D}"
EndProject
Project("{00D1A9C2-B5F0-4AF3-8072-F6C62B433612}") = "SaaSPro.Database", "src\SaaSPro.Database\SaaSPro.Database.sqlproj", "{5A6DED81-F00A-4A68-BE04-477D3A2D09B1}"
EndProject
Project("{FAE04EC0-301F-11D3-BF4B-00C04F79EFBC}") = "SaaSPro.Infrastructure", "src\SaaSPro.Infrastructure\SaaSPro.Infrastructure.csproj", "{5A3AD564-63C9-44C4-9A74-3C1D25C04309}"
EndProject
Project("{FAE04EC0-301F-11D3-BF4B-00C04F79EFBC}") = "SaaSPro.Resources", "src\SaaSPro.Resources\SaaSPro.Resources.csproj", "{585E92B9-0C92-43D3-B966-B7B6EAA53E1C}"
EndProject
Project("{FAE04EC0-301F-11D3-BF4B-00C04F79EFBC}") = "SaaSPro.Services", "src\SaaSPro.Services\SaaSPro.Services.csproj", "{BC1CD92C-F765-44AE-9E00-CF3753C5C463}"
EndProject
Project("{FAE04EC0-301F-11D3-BF4B-00C04F79EFBC}") = "SaaSPro.Common", "src\SaaSPro.Common\SaaSPro.Common.csproj", "{67270D82-585E-48B5-A9FB-AAF2B0C6DA70}"
EndProject
Project("{FAE04EC0-301F-11D3-BF4B-00C04F79EFBC}") = "SaaSPro.Domain", "src\SaaSPro.Domain\SaaSPro.Domain.csproj", "{227A811A-D213-451B-B504-76BC4018699E}"
EndProject
Project("{2150E333-8FDC-42A3-9474-1A3956D46DE8}") = "Web Sites", "Web Sites", "{0086E2C6-6484-440B-B539-36F113F042DA}"
EndProject
Project("{2150E333-8FDC-42A3-9474-1A3956D46DE8}") = "Domain", "Domain", "{1C8C1640-8ED6-446C-ADF6-CF8D20B23936}"
EndProject
Project("{2150E333-8FDC-42A3-9474-1A3956D46DE8}") = "Service", "Service", "{E9F06607-BFD5-42BC-A214-560561BC4785}"
EndProject
Project("{2150E333-8FDC-42A3-9474-1A3956D46DE8}") = "Infrastructure", "Infrastructure", "{B5C77865-A535-44AA-BE5E-CA36CB154A0F}"
EndProject
Project("{2150E333-8FDC-42A3-9474-1A3956D46DE8}") = "Data", "Data", "{687B8B4B-3ACE-42C6-985B-0424CA4D423A}"
EndProject
Project("{2150E333-8FDC-42A3-9474-1A3956D46DE8}") = "Common", "Common", "{97B9C569-5856-40B0-BDD8-32331975FCF1}"
EndProject
Project("{2150E333-8FDC-42A3-9474-1A3956D46DE8}") = "Tests", "Tests", "{60F5462D-0205-4CB8-98CA-AEBD93948B6B}"
EndProject
Project("{FAE04EC0-301F-11D3-BF4B-00C04F79EFBC}") = "SaaSPro.Services.Tests", "src\SaaSPro.Services.Tests\SaaSPro.Services.Tests.csproj", "{F31D4079-5A08-4ECD-8A52-4AF10BEF3E94}"
EndProject
Project("{FAE04EC0-301F-11D3-BF4B-00C04F79EFBC}") = "SaaSPro.Web.Management.Tests", "src\SaaSPro.Web.Management.Tests\SaaSPro.Web.Management.Tests.csproj", "{8E7DDE3D-D770-4911-89A0-FBE0F3CF5CD2}"
EndProject
Project("{FAE04EC0-301F-11D3-BF4B-00C04F79EFBC}") = "SaaSPro.Web.Main.Tests", "src\SaaSPro.Web.Main.Tests\SaaSPro.Web.Main.Tests.csproj", "{2F0B31CD-7706-4571-A7EE-EAB676B3548E}"
EndProject
Project("{FAE04EC0-301F-11D3-BF4B-00C04F79EFBC}") = "SaaSPro.Web.App.Tests", "src\SaaSPro.Web.App.Tests\SaaSPro.Web.App.Tests.csproj", "{FEBF12B3-5A8D-4616-B070-5FD3EFDB45A5}"
EndProject
Project("{FAE04EC0-301F-11D3-BF4B-00C04F79EFBC}") = "SaasPro.TestsConfiguration", "src\SaasPro.TestsConfiguration\SaasPro.TestsConfiguration.csproj", "{E51E2606-172A-4134-B0D4-26DC90121A55}"
EndProject
Project("{FAE04EC0-301F-11D3-BF4B-00C04F79EFBC}") = "SaaSPro.Web.Main", "src\SaaSPro.Web.Main\SaaSPro.Web.Main.csproj", "{B933F8C0-4967-464C-99E8-F1B04826FEEA}"
EndProject
Global
	GlobalSection(SolutionConfigurationPlatforms) = preSolution
		Debug|Any CPU = Debug|Any CPU
		Release|Any CPU = Release|Any CPU
		Staging|Any CPU = Staging|Any CPU
	EndGlobalSection
	GlobalSection(ProjectConfigurationPlatforms) = postSolution
		{97668E8A-168D-481E-AEFF-1F6EFACFE722}.Debug|Any CPU.ActiveCfg = Debug|Any CPU
		{97668E8A-168D-481E-AEFF-1F6EFACFE722}.Debug|Any CPU.Build.0 = Debug|Any CPU
		{97668E8A-168D-481E-AEFF-1F6EFACFE722}.Release|Any CPU.ActiveCfg = Release|Any CPU
		{97668E8A-168D-481E-AEFF-1F6EFACFE722}.Release|Any CPU.Build.0 = Release|Any CPU
		{97668E8A-168D-481E-AEFF-1F6EFACFE722}.Staging|Any CPU.ActiveCfg = Staging|Any CPU
		{97668E8A-168D-481E-AEFF-1F6EFACFE722}.Staging|Any CPU.Build.0 = Staging|Any CPU
		{C71232BD-AD7E-4380-BBCD-AFE9EAEDE26E}.Debug|Any CPU.ActiveCfg = Debug|Any CPU
		{C71232BD-AD7E-4380-BBCD-AFE9EAEDE26E}.Debug|Any CPU.Build.0 = Debug|Any CPU
		{C71232BD-AD7E-4380-BBCD-AFE9EAEDE26E}.Release|Any CPU.ActiveCfg = Release|Any CPU
		{C71232BD-AD7E-4380-BBCD-AFE9EAEDE26E}.Release|Any CPU.Build.0 = Release|Any CPU
		{C71232BD-AD7E-4380-BBCD-AFE9EAEDE26E}.Staging|Any CPU.ActiveCfg = Staging|Any CPU
		{C71232BD-AD7E-4380-BBCD-AFE9EAEDE26E}.Staging|Any CPU.Build.0 = Staging|Any CPU
		{DC7EBCF9-CE8D-4BEC-8208-F59247DE73A8}.Debug|Any CPU.ActiveCfg = Debug|Any CPU
		{DC7EBCF9-CE8D-4BEC-8208-F59247DE73A8}.Debug|Any CPU.Build.0 = Debug|Any CPU
		{DC7EBCF9-CE8D-4BEC-8208-F59247DE73A8}.Release|Any CPU.ActiveCfg = Release|Any CPU
		{DC7EBCF9-CE8D-4BEC-8208-F59247DE73A8}.Release|Any CPU.Build.0 = Release|Any CPU
		{DC7EBCF9-CE8D-4BEC-8208-F59247DE73A8}.Staging|Any CPU.ActiveCfg = Staging|Any CPU
		{DC7EBCF9-CE8D-4BEC-8208-F59247DE73A8}.Staging|Any CPU.Build.0 = Staging|Any CPU
		{B3C453DB-B7CE-4B3E-81C4-1F9D21ED105D}.Debug|Any CPU.ActiveCfg = Debug|Any CPU
		{B3C453DB-B7CE-4B3E-81C4-1F9D21ED105D}.Debug|Any CPU.Build.0 = Debug|Any CPU
		{B3C453DB-B7CE-4B3E-81C4-1F9D21ED105D}.Release|Any CPU.ActiveCfg = Release|Any CPU
		{B3C453DB-B7CE-4B3E-81C4-1F9D21ED105D}.Release|Any CPU.Build.0 = Release|Any CPU
		{B3C453DB-B7CE-4B3E-81C4-1F9D21ED105D}.Staging|Any CPU.ActiveCfg = Staging|Any CPU
		{B3C453DB-B7CE-4B3E-81C4-1F9D21ED105D}.Staging|Any CPU.Build.0 = Staging|Any CPU
		{5A6DED81-F00A-4A68-BE04-477D3A2D09B1}.Debug|Any CPU.ActiveCfg = Debug|Any CPU
		{5A6DED81-F00A-4A68-BE04-477D3A2D09B1}.Debug|Any CPU.Build.0 = Debug|Any CPU
		{5A6DED81-F00A-4A68-BE04-477D3A2D09B1}.Debug|Any CPU.Deploy.0 = Debug|Any CPU
		{5A6DED81-F00A-4A68-BE04-477D3A2D09B1}.Release|Any CPU.ActiveCfg = Release|Any CPU
		{5A6DED81-F00A-4A68-BE04-477D3A2D09B1}.Release|Any CPU.Build.0 = Release|Any CPU
		{5A6DED81-F00A-4A68-BE04-477D3A2D09B1}.Release|Any CPU.Deploy.0 = Release|Any CPU
		{5A6DED81-F00A-4A68-BE04-477D3A2D09B1}.Staging|Any CPU.ActiveCfg = Staging|Any CPU
		{5A6DED81-F00A-4A68-BE04-477D3A2D09B1}.Staging|Any CPU.Build.0 = Staging|Any CPU
		{5A6DED81-F00A-4A68-BE04-477D3A2D09B1}.Staging|Any CPU.Deploy.0 = Staging|Any CPU
		{5A3AD564-63C9-44C4-9A74-3C1D25C04309}.Debug|Any CPU.ActiveCfg = Debug|Any CPU
		{5A3AD564-63C9-44C4-9A74-3C1D25C04309}.Debug|Any CPU.Build.0 = Debug|Any CPU
		{5A3AD564-63C9-44C4-9A74-3C1D25C04309}.Release|Any CPU.ActiveCfg = Release|Any CPU
		{5A3AD564-63C9-44C4-9A74-3C1D25C04309}.Release|Any CPU.Build.0 = Release|Any CPU
		{5A3AD564-63C9-44C4-9A74-3C1D25C04309}.Staging|Any CPU.ActiveCfg = Staging|Any CPU
		{5A3AD564-63C9-44C4-9A74-3C1D25C04309}.Staging|Any CPU.Build.0 = Staging|Any CPU
		{585E92B9-0C92-43D3-B966-B7B6EAA53E1C}.Debug|Any CPU.ActiveCfg = Debug|Any CPU
		{585E92B9-0C92-43D3-B966-B7B6EAA53E1C}.Debug|Any CPU.Build.0 = Debug|Any CPU
		{585E92B9-0C92-43D3-B966-B7B6EAA53E1C}.Release|Any CPU.ActiveCfg = Release|Any CPU
		{585E92B9-0C92-43D3-B966-B7B6EAA53E1C}.Release|Any CPU.Build.0 = Release|Any CPU
		{585E92B9-0C92-43D3-B966-B7B6EAA53E1C}.Staging|Any CPU.ActiveCfg = Staging|Any CPU
		{585E92B9-0C92-43D3-B966-B7B6EAA53E1C}.Staging|Any CPU.Build.0 = Staging|Any CPU
		{BC1CD92C-F765-44AE-9E00-CF3753C5C463}.Debug|Any CPU.ActiveCfg = Debug|Any CPU
		{BC1CD92C-F765-44AE-9E00-CF3753C5C463}.Debug|Any CPU.Build.0 = Debug|Any CPU
		{BC1CD92C-F765-44AE-9E00-CF3753C5C463}.Release|Any CPU.ActiveCfg = Release|Any CPU
		{BC1CD92C-F765-44AE-9E00-CF3753C5C463}.Release|Any CPU.Build.0 = Release|Any CPU
		{BC1CD92C-F765-44AE-9E00-CF3753C5C463}.Staging|Any CPU.ActiveCfg = Staging|Any CPU
		{BC1CD92C-F765-44AE-9E00-CF3753C5C463}.Staging|Any CPU.Build.0 = Staging|Any CPU
		{67270D82-585E-48B5-A9FB-AAF2B0C6DA70}.Debug|Any CPU.ActiveCfg = Debug|Any CPU
		{67270D82-585E-48B5-A9FB-AAF2B0C6DA70}.Debug|Any CPU.Build.0 = Debug|Any CPU
		{67270D82-585E-48B5-A9FB-AAF2B0C6DA70}.Release|Any CPU.ActiveCfg = Release|Any CPU
		{67270D82-585E-48B5-A9FB-AAF2B0C6DA70}.Release|Any CPU.Build.0 = Release|Any CPU
		{67270D82-585E-48B5-A9FB-AAF2B0C6DA70}.Staging|Any CPU.ActiveCfg = Staging|Any CPU
		{67270D82-585E-48B5-A9FB-AAF2B0C6DA70}.Staging|Any CPU.Build.0 = Staging|Any CPU
		{227A811A-D213-451B-B504-76BC4018699E}.Debug|Any CPU.ActiveCfg = Debug|Any CPU
		{227A811A-D213-451B-B504-76BC4018699E}.Debug|Any CPU.Build.0 = Debug|Any CPU
		{227A811A-D213-451B-B504-76BC4018699E}.Release|Any CPU.ActiveCfg = Release|Any CPU
		{227A811A-D213-451B-B504-76BC4018699E}.Release|Any CPU.Build.0 = Release|Any CPU
		{227A811A-D213-451B-B504-76BC4018699E}.Staging|Any CPU.ActiveCfg = Staging|Any CPU
		{227A811A-D213-451B-B504-76BC4018699E}.Staging|Any CPU.Build.0 = Staging|Any CPU
		{F31D4079-5A08-4ECD-8A52-4AF10BEF3E94}.Debug|Any CPU.ActiveCfg = Debug|Any CPU
		{F31D4079-5A08-4ECD-8A52-4AF10BEF3E94}.Debug|Any CPU.Build.0 = Debug|Any CPU
		{F31D4079-5A08-4ECD-8A52-4AF10BEF3E94}.Release|Any CPU.ActiveCfg = Release|Any CPU
		{F31D4079-5A08-4ECD-8A52-4AF10BEF3E94}.Release|Any CPU.Build.0 = Release|Any CPU
		{F31D4079-5A08-4ECD-8A52-4AF10BEF3E94}.Staging|Any CPU.ActiveCfg = Release|Any CPU
		{F31D4079-5A08-4ECD-8A52-4AF10BEF3E94}.Staging|Any CPU.Build.0 = Release|Any CPU
		{8E7DDE3D-D770-4911-89A0-FBE0F3CF5CD2}.Debug|Any CPU.ActiveCfg = Debug|Any CPU
		{8E7DDE3D-D770-4911-89A0-FBE0F3CF5CD2}.Debug|Any CPU.Build.0 = Debug|Any CPU
		{8E7DDE3D-D770-4911-89A0-FBE0F3CF5CD2}.Release|Any CPU.ActiveCfg = Release|Any CPU
		{8E7DDE3D-D770-4911-89A0-FBE0F3CF5CD2}.Release|Any CPU.Build.0 = Release|Any CPU
		{8E7DDE3D-D770-4911-89A0-FBE0F3CF5CD2}.Staging|Any CPU.ActiveCfg = Release|Any CPU
		{8E7DDE3D-D770-4911-89A0-FBE0F3CF5CD2}.Staging|Any CPU.Build.0 = Release|Any CPU
		{2F0B31CD-7706-4571-A7EE-EAB676B3548E}.Debug|Any CPU.ActiveCfg = Debug|Any CPU
		{2F0B31CD-7706-4571-A7EE-EAB676B3548E}.Debug|Any CPU.Build.0 = Debug|Any CPU
		{2F0B31CD-7706-4571-A7EE-EAB676B3548E}.Release|Any CPU.ActiveCfg = Release|Any CPU
		{2F0B31CD-7706-4571-A7EE-EAB676B3548E}.Release|Any CPU.Build.0 = Release|Any CPU
		{2F0B31CD-7706-4571-A7EE-EAB676B3548E}.Staging|Any CPU.ActiveCfg = Release|Any CPU
		{2F0B31CD-7706-4571-A7EE-EAB676B3548E}.Staging|Any CPU.Build.0 = Release|Any CPU
		{FEBF12B3-5A8D-4616-B070-5FD3EFDB45A5}.Debug|Any CPU.ActiveCfg = Debug|Any CPU
		{FEBF12B3-5A8D-4616-B070-5FD3EFDB45A5}.Debug|Any CPU.Build.0 = Debug|Any CPU
		{FEBF12B3-5A8D-4616-B070-5FD3EFDB45A5}.Release|Any CPU.ActiveCfg = Release|Any CPU
		{FEBF12B3-5A8D-4616-B070-5FD3EFDB45A5}.Release|Any CPU.Build.0 = Release|Any CPU
		{FEBF12B3-5A8D-4616-B070-5FD3EFDB45A5}.Staging|Any CPU.ActiveCfg = Release|Any CPU
		{FEBF12B3-5A8D-4616-B070-5FD3EFDB45A5}.Staging|Any CPU.Build.0 = Release|Any CPU
		{E51E2606-172A-4134-B0D4-26DC90121A55}.Debug|Any CPU.ActiveCfg = Debug|Any CPU
		{E51E2606-172A-4134-B0D4-26DC90121A55}.Debug|Any CPU.Build.0 = Debug|Any CPU
		{E51E2606-172A-4134-B0D4-26DC90121A55}.Release|Any CPU.ActiveCfg = Release|Any CPU
		{E51E2606-172A-4134-B0D4-26DC90121A55}.Release|Any CPU.Build.0 = Release|Any CPU
		{E51E2606-172A-4134-B0D4-26DC90121A55}.Staging|Any CPU.ActiveCfg = Release|Any CPU
		{E51E2606-172A-4134-B0D4-26DC90121A55}.Staging|Any CPU.Build.0 = Release|Any CPU
		{B933F8C0-4967-464C-99E8-F1B04826FEEA}.Debug|Any CPU.ActiveCfg = Debug|Any CPU
		{B933F8C0-4967-464C-99E8-F1B04826FEEA}.Debug|Any CPU.Build.0 = Debug|Any CPU
		{B933F8C0-4967-464C-99E8-F1B04826FEEA}.Release|Any CPU.ActiveCfg = Release|Any CPU
		{B933F8C0-4967-464C-99E8-F1B04826FEEA}.Release|Any CPU.Build.0 = Release|Any CPU
		{B933F8C0-4967-464C-99E8-F1B04826FEEA}.Staging|Any CPU.ActiveCfg = Staging|Any CPU
		{B933F8C0-4967-464C-99E8-F1B04826FEEA}.Staging|Any CPU.Build.0 = Staging|Any CPU
	EndGlobalSection
	GlobalSection(SolutionProperties) = preSolution
		HideSolutionNode = FALSE
	EndGlobalSection
	GlobalSection(NestedProjects) = preSolution
		{97668E8A-168D-481E-AEFF-1F6EFACFE722} = {0086E2C6-6484-440B-B539-36F113F042DA}
		{C71232BD-AD7E-4380-BBCD-AFE9EAEDE26E} = {0086E2C6-6484-440B-B539-36F113F042DA}
		{DC7EBCF9-CE8D-4BEC-8208-F59247DE73A8} = {97B9C569-5856-40B0-BDD8-32331975FCF1}
		{B3C453DB-B7CE-4B3E-81C4-1F9D21ED105D} = {687B8B4B-3ACE-42C6-985B-0424CA4D423A}
		{5A6DED81-F00A-4A68-BE04-477D3A2D09B1} = {687B8B4B-3ACE-42C6-985B-0424CA4D423A}
		{5A3AD564-63C9-44C4-9A74-3C1D25C04309} = {B5C77865-A535-44AA-BE5E-CA36CB154A0F}
		{585E92B9-0C92-43D3-B966-B7B6EAA53E1C} = {97B9C569-5856-40B0-BDD8-32331975FCF1}
		{BC1CD92C-F765-44AE-9E00-CF3753C5C463} = {E9F06607-BFD5-42BC-A214-560561BC4785}
		{67270D82-585E-48B5-A9FB-AAF2B0C6DA70} = {97B9C569-5856-40B0-BDD8-32331975FCF1}
		{227A811A-D213-451B-B504-76BC4018699E} = {1C8C1640-8ED6-446C-ADF6-CF8D20B23936}
		{F31D4079-5A08-4ECD-8A52-4AF10BEF3E94} = {60F5462D-0205-4CB8-98CA-AEBD93948B6B}
		{8E7DDE3D-D770-4911-89A0-FBE0F3CF5CD2} = {60F5462D-0205-4CB8-98CA-AEBD93948B6B}
		{2F0B31CD-7706-4571-A7EE-EAB676B3548E} = {60F5462D-0205-4CB8-98CA-AEBD93948B6B}
		{FEBF12B3-5A8D-4616-B070-5FD3EFDB45A5} = {60F5462D-0205-4CB8-98CA-AEBD93948B6B}
		{E51E2606-172A-4134-B0D4-26DC90121A55} = {60F5462D-0205-4CB8-98CA-AEBD93948B6B}
		{B933F8C0-4967-464C-99E8-F1B04826FEEA} = {0086E2C6-6484-440B-B539-36F113F042DA}
	EndGlobalSection
	GlobalSection(ExtensibilityGlobals) = postSolution
		EnterpriseLibraryConfigurationToolBinariesPath = packages\Unity.2.1.505.0\lib\NET35
	EndGlobalSection
EndGlobal
